
Microsoft Visual Studio Solution File, Format Version 12.00
# Visual Studio Version 16
VisualStudioVersion = 16.0.30804.86
MinimumVisualStudioVersion = 10.0.40219.1
Project("{FAE04EC0-301F-11D3-BF4B-00C04F79EFBC}") = "prjTextFilesGenericClasses", "prjTextFilesGenericClasses\prjTextFilesGenericClasses.csproj", "{8B59539A-00CE-43E7-A3D9-7A52594EA02D}"
EndProject
Global
	GlobalSection(SolutionConfigurationPlatforms) = preSolution
		Debug|Any CPU = Debug|Any CPU
		Release|Any CPU = Release|Any CPU
	EndGlobalSection
	GlobalSection(ProjectConfigurationPlatforms) = postSolution
		{8B59539A-00CE-43E7-A3D9-7A52594EA02D}.Debug|Any CPU.ActiveCfg = Debug|Any CPU
		{8B59539A-00CE-43E7-A3D9-7A52594EA02D}.Debug|Any CPU.Build.0 = Debug|Any CPU
		{8B59539A-00CE-43E7-A3D9-7A52594EA02D}.Release|Any CPU.ActiveCfg = Release|Any CPU
		{8B59539A-00CE-43E7-A3D9-7A52594EA02D}.Release|Any CPU.Build.0 = Release|Any CPU
	EndGlobalSection
	GlobalSection(SolutionProperties) = preSolution
		HideSolutionNode = FALSE
	EndGlobalSection
	GlobalSection(ExtensibilityGlobals) = postSolution
		SolutionGuid = {77B5E6F9-EA34-4BF8-8753-B0088A1603F5}
	EndGlobalSection
EndGlobal
